-r app.lock

# Experiment tracking and artifacts.
mlflow==3.14.0
pandas==2.3.3
pyarrow==24.0.0
psutil==7.2.2
nvidia-ml-py==13.610.43

# Datasets, models, and experiment-only strategies.
datasets==5.0.0
huggingface-hub==1.23.0
rank-bm25==0.2.2
paddleocr==3.7.0
paddlepaddle==3.3.1
paddlex[ocr]==3.7.0
docling[easyocr,rapidocr,vlm]==2.117.0
nemo_toolkit[asr]==3.0.0
qwen-asr==0.0.6
moss-transcribe-diarize @ git+https://github.com/OpenMOSS/MOSS-Transcribe-Diarize.git@e607537b1b870475e7898969d40b864de8b691b6
accelerate==1.12.0
soundfile==0.13.1

# Four vector-server clients. The servers themselves run from Docker images.
qdrant-client==1.18.0
weaviate-client==4.22.0
psycopg==3.3.4
psycopg-binary==3.3.4
psycopg-pool==3.3.1

# Only the small metric/dataset checks use pytest.
pytest==9.1.1
